
Microsoft Visual Studio Solution File, Format Version 12.00
# Visual Studio Version 16
VisualStudioVersion = 16.0.30907.101
MinimumVisualStudioVersion = 10.0.40219.1
Project("{FAE04EC0-301F-11D3-BF4B-00C04F79EFBC}") = "CalculadoraHorasTrabajo", "CalculadoraHorasTrabajo\CalculadoraHorasTrabajo.csproj", "{DBEEB402-2EF4-4DE2-8F31-72CF416EC78C}"
EndProject
Project("{FAE04EC0-301F-11D3-BF4B-00C04F79EFBC}") = "CalculadoraHorasTrabajo.DAO", "CalculadoraHorasTrabajo.DAO\CalculadoraHorasTrabajo.DAO.csproj", "{D32AA36B-587F-419D-92E1-5D01AA2DFFDC}"
EndProject
Project("{FAE04EC0-301F-11D3-BF4B-00C04F79EFBC}") = "MVC.CalculadoraHoras", "MVC.CalculadoraHoras\MVC.CalculadoraHoras.csproj", "{9AE6B12D-E4A2-4D13-9E95-AA5159AADDF7}"
EndProject
Global
	GlobalSection(SolutionConfigurationPlatforms) = preSolution
		Debug|Any CPU = Debug|Any CPU
		Release|Any CPU = Release|Any CPU
	EndGlobalSection
	GlobalSection(ProjectConfigurationPlatforms) = postSolution
		{DBEEB402-2EF4-4DE2-8F31-72CF416EC78C}.Debug|Any CPU.ActiveCfg = Debug|Any CPU
		{DBEEB402-2EF4-4DE2-8F31-72CF416EC78C}.Debug|Any CPU.Build.0 = Debug|Any CPU
		{DBEEB402-2EF4-4DE2-8F31-72CF416EC78C}.Release|Any CPU.ActiveCfg = Release|Any CPU
		{DBEEB402-2EF4-4DE2-8F31-72CF416EC78C}.Release|Any CPU.Build.0 = Release|Any CPU
		{D32AA36B-587F-419D-92E1-5D01AA2DFFDC}.Debug|Any CPU.ActiveCfg = Debug|Any CPU
		{D32AA36B-587F-419D-92E1-5D01AA2DFFDC}.Debug|Any CPU.Build.0 = Debug|Any CPU
		{D32AA36B-587F-419D-92E1-5D01AA2DFFDC}.Release|Any CPU.ActiveCfg = Release|Any CPU
		{D32AA36B-587F-419D-92E1-5D01AA2DFFDC}.Release|Any CPU.Build.0 = Release|Any CPU
		{9AE6B12D-E4A2-4D13-9E95-AA5159AADDF7}.Debug|Any CPU.ActiveCfg = Debug|Any CPU
		{9AE6B12D-E4A2-4D13-9E95-AA5159AADDF7}.Debug|Any CPU.Build.0 = Debug|Any CPU
		{9AE6B12D-E4A2-4D13-9E95-AA5159AADDF7}.Release|Any CPU.ActiveCfg = Release|Any CPU
		{9AE6B12D-E4A2-4D13-9E95-AA5159AADDF7}.Release|Any CPU.Build.0 = Release|Any CPU
	EndGlobalSection
	GlobalSection(SolutionProperties) = preSolution
		HideSolutionNode = FALSE
	EndGlobalSection
	GlobalSection(ExtensibilityGlobals) = postSolution
		SolutionGuid = {3ED442B9-5391-4E90-B73E-E8A2FA4B3CCC}
	EndGlobalSection
EndGlobal
